// !$*UTF8*$!
{
	archiveVersion = 1;
	classes = {
	};
	objectVersion = 50;
	objects = {

/* Begin PBXBuildFile section */
		AF393F29219F2AAB001CCCED /* LaunchScreen.storyboard in Resources */ = {isa = PBXBuildFile; fileRef = AF393F0D219F2AAA001CCCED /* LaunchScreen.storyboard */; };
		AF393F2A219F2AAB001CCCED /* Main.storyboard in Resources */ = {isa = PBXBuildFile; fileRef = AF393F0F219F2AAA001CCCED /* Main.storyboard */; };
		AF393F2B219F2AAB001CCCED /* StoryboardInitializable.swift in Sources */ = {isa = PBXBuildFile; fileRef = AF393F12219F2AAA001CCCED /* StoryboardInitializable.swift */; };
		AF393F2C219F2AAB001CCCED /* BaseCoordinator.swift in Sources */ = {isa = PBXBuildFile; fileRef = AF393F13219F2AAA001CCCED /* BaseCoordinator.swift */; };
		AF393F2D219F2AAB001CCCED /* RepositoryListViewModel.swift in Sources */ = {isa = PBXBuildFile; fileRef = AF393F16219F2AAA001CCCED /* RepositoryListViewModel.swift */; };
		AF393F2E219F2AAB001CCCED /* RepositoryCell.swift in Sources */ = {isa = PBXBuildFile; fileRef = AF393F17219F2AAA001CCCED /* RepositoryCell.swift */; };
		AF393F2F219F2AAB001CCCED /* RepositoryViewModel.swift in Sources */ = {isa = PBXBuildFile; fileRef = AF393F18219F2AAA001CCCED /* RepositoryViewModel.swift */; };
		AF393F30219F2AAB001CCCED /* RepositoryListViewController.swift in Sources */ = {isa = PBXBuildFile; fileRef = AF393F19219F2AAA001CCCED /* RepositoryListViewController.swift */; };
		AF393F31219F2AAB001CCCED /* RepositoryListCoordinator.swift in Sources */ = {isa = PBXBuildFile; fileRef = AF393F1A219F2AAA001CCCED /* RepositoryListCoordinator.swift */; };
		AF393F32219F2AAB001CCCED /* LanguageListViewController.swift in Sources */ = {isa = PBXBuildFile; fileRef = AF393F1C219F2AAA001CCCED /* LanguageListViewController.swift */; };
		AF393F33219F2AAB001CCCED /* LanguageListViewModel.swift in Sources */ = {isa = PBXBuildFile; fileRef = AF393F1D219F2AAA001CCCED /* LanguageListViewModel.swift */; };
		AF393F34219F2AAB001CCCED /* LanguageListCoordinator.swift in Sources */ = {isa = PBXBuildFile; fileRef = AF393F1E219F2AAA001CCCED /* LanguageListCoordinator.swift */; };
		AF393F35219F2AAB001CCCED /* Repository.swift in Sources */ = {isa = PBXBuildFile; fileRef = AF393F20219F2AAA001CCCED /* Repository.swift */; };
		AF393F36219F2AAB001CCCED /* Assets.xcassets in Resources */ = {isa = PBXBuildFile; fileRef = AF393F22219F2AAA001CCCED /* Assets.xcassets */; };
		AF393F38219F2AAB001CCCED /* GithubService.swift in Sources */ = {isa = PBXBuildFile; fileRef = AF393F25219F2AAA001CCCED /* GithubService.swift */; };
		AF393F39219F2AAB001CCCED /* AppCoordinator.swift in Sources */ = {isa = PBXBuildFile; fileRef = AF393F27219F2AAB001CCCED /* AppCoordinator.swift */; };
		AF393F3A219F2AAB001CCCED /* AppDelegate.swift in Sources */ = {isa = PBXBuildFile; fileRef = AF393F28219F2AAB001CCCED /* AppDelegate.swift */; };
		AFC90175219F33E6003A1E99 /* README.md in Resources */ = {isa = PBXBuildFile; fileRef = AFC90174219F33E6003A1E99 /* README.md */; };
		E41CDBD5756BD65A03DC3645 /* Pods_RepoSearcher.framework in Frameworks */ = {isa = PBXBuildFile; fileRef = DAF67E398299A34E4A692A44 /* Pods_RepoSearcher.framework */; };
/* End PBXBuildFile section */

/* Begin PBXFileReference section */
		6BE6D2DA93B941EE06E7B645 /* Pods-RepoSearcher.debug.xcconfig */ = {isa = PBXFileReference; includeInIndex = 1; lastKnownFileType = text.xcconfig; name = "Pods-RepoSearcher.debug.xcconfig"; path = "Pods/Target Support Files/Pods-RepoSearcher/Pods-RepoSearcher.debug.xcconfig"; sourceTree = "<group>"; };
		A31F0AF46D9BFB7F2B445A74 /* Pods-RepoSearcher.release.xcconfig */ = {isa = PBXFileReference; includeInIndex = 1; lastKnownFileType = text.xcconfig; name = "Pods-RepoSearcher.release.xcconfig"; path = "Pods/Target Support Files/Pods-RepoSearcher/Pods-RepoSearcher.release.xcconfig"; sourceTree = "<group>"; };
		AF393F0E219F2AAA001CCCED /* Base */ = {isa = PBXFileReference; lastKnownFileType = file.storyboard; name = Base; path = LaunchScreen.storyboard; sourceTree = "<group>"; };
		AF393F10219F2AAA001CCCED /* Base */ = {isa = PBXFileReference; lastKnownFileType = file.storyboard; name = Base; path = Main.storyboard; sourceTree = "<group>"; };
		AF393F12219F2AAA001CCCED /* StoryboardInitializable.swift */ = {isa = PBXFileReference; fileEncoding = 4; lastKnownFileType = sourcecode.swift; path = StoryboardInitializable.swift; sourceTree = "<group>"; };
		AF393F13219F2AAA001CCCED /* BaseCoordinator.swift */ = {isa = PBXFileReference; fileEncoding = 4; lastKnownFileType = sourcecode.swift; path = BaseCoordinator.swift; sourceTree = "<group>"; };
		AF393F16219F2AAA001CCCED /* RepositoryListViewModel.swift */ = {isa = PBXFileReference; fileEncoding = 4; lastKnownFileType = sourcecode.swift; path = RepositoryListViewModel.swift; sourceTree = "<group>"; };
		AF393F17219F2AAA001CCCED /* RepositoryCell.swift */ = {isa = PBXFileReference; fileEncoding = 4; lastKnownFileType = sourcecode.swift; path = RepositoryCell.swift; sourceTree = "<group>"; };
		AF393F18219F2AAA001CCCED /* RepositoryViewModel.swift */ = {isa = PBXFileReference; fileEncoding = 4; lastKnownFileType = sourcecode.swift; path = RepositoryViewModel.swift; sourceTree = "<group>"; };
		AF393F19219F2AAA001CCCED /* RepositoryListViewController.swift */ = {isa = PBXFileReference; fileEncoding = 4; lastKnownFileType = sourcecode.swift; path = RepositoryListViewController.swift; sourceTree = "<group>"; };
		AF393F1A219F2AAA001CCCED /* RepositoryListCoordinator.swift */ = {isa = PBXFileReference; fileEncoding = 4; lastKnownFileType = sourcecode.swift; path = RepositoryListCoordinator.swift; sourceTree = "<group>"; };
		AF393F1C219F2AAA001CCCED /* LanguageListViewController.swift */ = {isa = PBXFileReference; fileEncoding = 4; lastKnownFileType = sourcecode.swift; path = LanguageListViewController.swift; sourceTree = "<group>"; };
		AF393F1D219F2AAA001CCCED /* LanguageListViewModel.swift */ = {isa = PBXFileReference; fileEncoding = 4; lastKnownFileType = sourcecode.swift; path = LanguageListViewModel.swift; sourceTree = "<group>"; };
		AF393F1E219F2AAA001CCCED /* LanguageListCoordinator.swift */ = {isa = PBXFileReference; fileEncoding = 4; lastKnownFileType = sourcecode.swift; path = LanguageListCoordinator.swift; sourceTree = "<group>"; };
		AF393F20219F2AAA001CCCED /* Repository.swift */ = {isa = PBXFileReference; fileEncoding = 4; lastKnownFileType = sourcecode.swift; path = Repository.swift; sourceTree = "<group>"; };
		AF393F22219F2AAA001CCCED /* Assets.xcassets */ = {isa = PBXFileReference; lastKnownFileType = folder.assetcatalog; path = Assets.xcassets; sourceTree = "<group>"; };
		AF393F23219F2AAA001CCCED /* Info.plist */ = {isa = PBXFileReference; fileEncoding = 4; lastKnownFileType = text.plist.xml; path = Info.plist; sourceTree = "<group>"; };
		AF393F25219F2AAA001CCCED /* GithubService.swift */ = {isa = PBXFileReference; fileEncoding = 4; lastKnownFileType = sourcecode.swift; path = GithubService.swift; sourceTree = "<group>"; };
		AF393F27219F2AAB001CCCED /* AppCoordinator.swift */ = {isa = PBXFileReference; fileEncoding = 4; lastKnownFileType = sourcecode.swift; path = AppCoordinator.swift; sourceTree = "<group>"; };
		AF393F28219F2AAB001CCCED /* AppDelegate.swift */ = {isa = PBXFileReference; fileEncoding = 4; lastKnownFileType = sourcecode.swift; path = AppDelegate.swift; sourceTree = "<group>"; };
		AF4F4F05219F24830051DBC9 /* RepoSearcher.app */ = {isa = PBXFileReference; explicitFileType = wrapper.application; includeInIndex = 0; path = RepoSearcher.app; sourceTree = BUILT_PRODUCTS_DIR; };
		AFC90174219F33E6003A1E99 /* README.md */ = {isa = PBXFileReference; fileEncoding = 4; lastKnownFileType = net.daringfireball.markdown; path = README.md; sourceTree = "<group>"; };
		DAF67E398299A34E4A692A44 /* Pods_RepoSearcher.framework */ = {isa = PBXFileReference; explicitFileType = wrapper.framework; includeInIndex = 0; path = Pods_RepoSearcher.framework; sourceTree = BUILT_PRODUCTS_DIR; };
/* End PBXFileReference section */

/* Begin PBXFrameworksBuildPhase section */
		AF4F4F02219F24830051DBC9 /* Frameworks */ = {
			isa = PBXFrameworksBuildPhase;
			buildActionMask = 2147483647;
			files = (
				E41CDBD5756BD65A03DC3645 /* Pods_RepoSearcher.framework in Frameworks */,
			);
			runOnlyForDeploymentPostprocessing = 0;
		};
/* End PBXFrameworksBuildPhase section */

/* Begin PBXGroup section */
		25DC8B04E319AD20DAF72A48 /* Frameworks */ = {
			isa = PBXGroup;
			children = (
				DAF67E398299A34E4A692A44 /* Pods_RepoSearcher.framework */,
			);
			name = Frameworks;
			sourceTree = "<group>";
		};
		AF393F0C219F2AAA001CCCED /* Base.lproj */ = {
			isa = PBXGroup;
			children = (
				AF393F0D219F2AAA001CCCED /* LaunchScreen.storyboard */,
				AF393F0F219F2AAA001CCCED /* Main.storyboard */,
			);
			path = Base.lproj;
			sourceTree = "<group>";
		};
		AF393F11219F2AAA001CCCED /* Library */ = {
			isa = PBXGroup;
			children = (
				AF393F12219F2AAA001CCCED /* StoryboardInitializable.swift */,
				AF393F13219F2AAA001CCCED /* BaseCoordinator.swift */,
			);
			path = Library;
			sourceTree = "<group>";
		};
		AF393F14219F2AAA001CCCED /* Classes */ = {
			isa = PBXGroup;
			children = (
				AF393F15219F2AAA001CCCED /* RepositoryList */,
				AF393F1B219F2AAA001CCCED /* Languages */,
			);
			path = Classes;
			sourceTree = "<group>";
		};
		AF393F15219F2AAA001CCCED /* RepositoryList */ = {
			isa = PBXGroup;
			children = (
				AF393F16219F2AAA001CCCED /* RepositoryListViewModel.swift */,
				AF393F17219F2AAA001CCCED /* RepositoryCell.swift */,
				AF393F18219F2AAA001CCCED /* RepositoryViewModel.swift */,
				AF393F19219F2AAA001CCCED /* RepositoryListViewController.swift */,
				AF393F1A219F2AAA001CCCED /* RepositoryListCoordinator.swift */,
			);
			path = RepositoryList;
			sourceTree = "<group>";
		};
		AF393F1B219F2AAA001CCCED /* Languages */ = {
			isa = PBXGroup;
			children = (
				AF393F1C219F2AAA001CCCED /* LanguageListViewController.swift */,
				AF393F1D219F2AAA001CCCED /* LanguageListViewModel.swift */,
				AF393F1E219F2AAA001CCCED /* LanguageListCoordinator.swift */,
			);
			path = Languages;
			sourceTree = "<group>";
		};
		AF393F1F219F2AAA001CCCED /* Models */ = {
			isa = PBXGroup;
			children = (
				AF393F20219F2AAA001CCCED /* Repository.swift */,
			);
			path = Models;
			sourceTree = "<group>";
		};
		AF393F21219F2AAA001CCCED /* Resources */ = {
			isa = PBXGroup;
			children = (
				AF393F22219F2AAA001CCCED /* Assets.xcassets */,
				AF393F23219F2AAA001CCCED /* Info.plist */,
			);
			path = Resources;
			sourceTree = "<group>";
		};
		AF393F24219F2AAA001CCCED /* Networking */ = {
			isa = PBXGroup;
			children = (
				AF393F25219F2AAA001CCCED /* GithubService.swift */,
			);
			path = Networking;
			sourceTree = "<group>";
		};
		AF393F26219F2AAB001CCCED /* App */ = {
			isa = PBXGroup;
			children = (
				AF393F27219F2AAB001CCCED /* AppCoordinator.swift */,
				AF393F28219F2AAB001CCCED /* AppDelegate.swift */,
			);
			path = App;
			sourceTree = "<group>";
		};
		AF4F4EFC219F24830051DBC9 = {
			isa = PBXGroup;
			children = (
				AFC90174219F33E6003A1E99 /* README.md */,
				AF4F4F07219F24830051DBC9 /* RepoSearcher */,
				AF4F4F06219F24830051DBC9 /* Products */,
				F6E0C7E222B6BC35332B2A6B /* Pods */,
				25DC8B04E319AD20DAF72A48 /* Frameworks */,
			);
			sourceTree = "<group>";
		};
		AF4F4F06219F24830051DBC9 /* Products */ = {
			isa = PBXGroup;
			children = (
				AF4F4F05219F24830051DBC9 /* RepoSearcher.app */,
			);
			name = Products;
			sourceTree = "<group>";
		};
		AF4F4F07219F24830051DBC9 /* RepoSearcher */ = {
			isa = PBXGroup;
			children = (
				AF393F26219F2AAB001CCCED /* App */,
				AF393F0C219F2AAA001CCCED /* Base.lproj */,
				AF393F14219F2AAA001CCCED /* Classes */,
				AF393F11219F2AAA001CCCED /* Library */,
				AF393F1F219F2AAA001CCCED /* Models */,
				AF393F24219F2AAA001CCCED /* Networking */,
				AF393F21219F2AAA001CCCED /* Resources */,
			);
			path = RepoSearcher;
			sourceTree = "<group>";
		};
		F6E0C7E222B6BC35332B2A6B /* Pods */ = {
			isa = PBXGroup;
			children = (
				6BE6D2DA93B941EE06E7B645 /* Pods-RepoSearcher.debug.xcconfig */,
				A31F0AF46D9BFB7F2B445A74 /* Pods-RepoSearcher.release.xcconfig */,
			);
			name = Pods;
			sourceTree = "<group>";
		};
/* End PBXGroup section */

/* Begin PBXNativeTarget section */
		AF4F4F04219F24830051DBC9 /* RepoSearcher */ = {
			isa = PBXNativeTarget;
			buildConfigurationList = AF4F4F17219F24840051DBC9 /* Build configuration list for PBXNativeTarget "RepoSearcher" */;
			buildPhases = (
				28DE1F26D8CB2BCD956ECB0A /* [CP] Check Pods Manifest.lock */,
				AF4F4F01219F24830051DBC9 /* Sources */,
				AF4F4F02219F24830051DBC9 /* Frameworks */,
				AF4F4F03219F24830051DBC9 /* Resources */,
				82D93624DC95E6F2CDF6269D /* [CP] Embed Pods Frameworks */,
			);
			buildRules = (
			);
			dependencies = (
			);
			name = RepoSearcher;
			productName = RepoSearcher;
			productReference = AF4F4F05219F24830051DBC9 /* RepoSearcher.app */;
			productType = "com.apple.product-type.application";
		};
/* End PBXNativeTarget section */

/* Begin PBXProject section */
		AF4F4EFD219F24830051DBC9 /* Project object */ = {
			isa = PBXProject;
			attributes = {
				LastSwiftUpdateCheck = 1010;
				LastUpgradeCheck = 1010;
				ORGANIZATIONNAME = "Mufakkharul Islam Nayem";
				TargetAttributes = {
					AF4F4F04219F24830051DBC9 = {
						CreatedOnToolsVersion = 10.1;
					};
				};
			};
			buildConfigurationList = AF4F4F00219F24830051DBC9 /* Build configuration list for PBXProject "RepoSearcher" */;
			compatibilityVersion = "Xcode 9.3";
			developmentRegion = en;
			hasScannedForEncodings = 0;
			knownRegions = (
				en,
				Base,
			);
			mainGroup = AF4F4EFC219F24830051DBC9;
			productRefGroup = AF4F4F06219F24830051DBC9 /* Products */;
			projectDirPath = "";
			projectRoot = "";
			targets = (
				AF4F4F04219F24830051DBC9 /* RepoSearcher */,
			);
		};
/* End PBXProject section */

/* Begin PBXResourcesBuildPhase section */
		AF4F4F03219F24830051DBC9 /* Resources */ = {
			isa = PBXResourcesBuildPhase;
			buildActionMask = 2147483647;
			files = (
				AF393F29219F2AAB001CCCED /* LaunchScreen.storyboard in Resources */,
				AF393F36219F2AAB001CCCED /* Assets.xcassets in Resources */,
				AFC90175219F33E6003A1E99 /* README.md in Resources */,
				AF393F2A219F2AAB001CCCED /* Main.storyboard in Resources */,
			);
			runOnlyForDeploymentPostprocessing = 0;
		};
/* End PBXResourcesBuildPhase section */

/* Begin PBXShellScriptBuildPhase section */
		28DE1F26D8CB2BCD956ECB0A /* [CP] Check Pods Manifest.lock */ = {
			isa = PBXShellScriptBuildPhase;
			buildActionMask = 2147483647;
			files = (
			);
			inputPaths = (
				"${PODS_PODFILE_DIR_PATH}/Podfile.lock",
				"${PODS_ROOT}/Manifest.lock",
			);
			name = "[CP] Check Pods Manifest.lock";
			outputPaths = (
				"$(DERIVED_FILE_DIR)/Pods-RepoSearcher-checkManifestLockResult.txt",
			);
			runOnlyForDeploymentPostprocessing = 0;
			shellPath = /bin/sh;
			shellScript = "diff \"${PODS_PODFILE_DIR_PATH}/Podfile.lock\" \"${PODS_ROOT}/Manifest.lock\" > /dev/null\nif [ $? != 0 ] ; then\n    # print error to STDERR\n    echo \"error: The sandbox is not in sync with the Podfile.lock. Run 'pod install' or update your CocoaPods installation.\" >&2\n    exit 1\nfi\n# This output is used by Xcode 'outputs' to avoid re-running this script phase.\necho \"SUCCESS\" > \"${SCRIPT_OUTPUT_FILE_0}\"\n";
			showEnvVarsInLog = 0;
		};
		82D93624DC95E6F2CDF6269D /* [CP] Embed Pods Frameworks */ = {
			isa = PBXShellScriptBuildPhase;
			buildActionMask = 2147483647;
			files = (
			);
			inputPaths = (
				"${SRCROOT}/Pods/Target Support Files/Pods-RepoSearcher/Pods-RepoSearcher-frameworks.sh",
				"${BUILT_PRODUCTS_DIR}/RxAtomic/RxAtomic.framework",
				"${BUILT_PRODUCTS_DIR}/RxCocoa/RxCocoa.framework",
				"${BUILT_PRODUCTS_DIR}/RxSwift/RxSwift.framework",
			);
			name = "[CP] Embed Pods Frameworks";
			outputPaths = (
				"${TARGET_BUILD_DIR}/${FRAMEWORKS_FOLDER_PATH}/RxAtomic.framework",
				"${TARGET_BUILD_DIR}/${FRAMEWORKS_FOLDER_PATH}/RxCocoa.framework",
				"${TARGET_BUILD_DIR}/${FRAMEWORKS_FOLDER_PATH}/RxSwift.framework",
			);
			runOnlyForDeploymentPostprocessing = 0;
			shellPath = /bin/sh;
			shellScript = "\"${SRCROOT}/Pods/Target Support Files/Pods-RepoSearcher/Pods-RepoSearcher-frameworks.sh\"\n";
			showEnvVarsInLog = 0;
		};
/* End PBXShellScriptBuildPhase section */

/* Begin PBXSourcesBuildPhase section */
		AF4F4F01219F24830051DBC9 /* Sources */ = {
			isa = PBXSourcesBuildPhase;
			buildActionMask = 2147483647;
			files = (
				AF393F2D219F2AAB001CCCED /* RepositoryListViewModel.swift in Sources */,
				AF393F2B219F2AAB001CCCED /* StoryboardInitializable.swift in Sources */,
				AF393F39219F2AAB001CCCED /* AppCoordinator.swift in Sources */,
				AF393F38219F2AAB001CCCED /* GithubService.swift in Sources */,
				AF393F3A219F2AAB001CCCED /* AppDelegate.swift in Sources */,
				AF393F30219F2AAB001CCCED /* RepositoryListViewController.swift in Sources */,
				AF393F33219F2AAB001CCCED /* LanguageListViewModel.swift in Sources */,
				AF393F34219F2AAB001CCCED /* LanguageListCoordinator.swift in Sources */,
				AF393F35219F2AAB001CCCED /* Repository.swift in Sources */,
				AF393F2F219F2AAB001CCCED /* RepositoryViewModel.swift in Sources */,
				AF393F32219F2AAB001CCCED /* LanguageListViewController.swift in Sources */,
				AF393F2C219F2AAB001CCCED /* BaseCoordinator.swift in Sources */,
				AF393F31219F2AAB001CCCED /* RepositoryListCoordinator.swift in Sources */,
				AF393F2E219F2AAB001CCCED /* RepositoryCell.swift in Sources */,
			);
			runOnlyForDeploymentPostprocessing = 0;
		};
/* End PBXSourcesBuildPhase section */

/* Begin PBXVariantGroup section */
		AF393F0D219F2AAA001CCCED /* LaunchScreen.storyboard */ = {
			isa = PBXVariantGroup;
			children = (
				AF393F0E219F2AAA001CCCED /* Base */,
			);
			name = LaunchScreen.storyboard;
			sourceTree = "<group>";
		};
		AF393F0F219F2AAA001CCCED /* Main.storyboard */ = {
			isa = PBXVariantGroup;
			children = (
				AF393F10219F2AAA001CCCED /* Base */,
			);
			name = Main.storyboard;
			sourceTree = "<group>";
		};
/* End PBXVariantGroup section */

/* Begin XCBuildConfiguration section */
		AF4F4F15219F24840051DBC9 /* Debug */ = {
			isa = XCBuildConfiguration;
			buildSettings = {
				ALWAYS_SEARCH_USER_PATHS = NO;
				CLANG_ANALYZER_NONNULL = YES;
				CLANG_ANALYZER_NUMBER_OBJECT_CONVERSION = YES_AGGRESSIVE;
				CLANG_CXX_LANGUAGE_STANDARD = "gnu++14";
				CLANG_CXX_LIBRARY = "libc++";
				CLANG_ENABLE_MODULES = YES;
				CLANG_ENABLE_OBJC_ARC = YES;
				CLANG_ENABLE_OBJC_WEAK = YES;
				CLANG_WARN_BLOCK_CAPTURE_AUTORELEASING = YES;
				CLANG_WARN_BOOL_CONVERSION = YES;
				CLANG_WARN_COMMA = YES;
				CLANG_WARN_CONSTANT_CONVERSION = YES;
				CLANG_WARN_DEPRECATED_OBJC_IMPLEMENTATIONS = YES;
				CLANG_WARN_DIRECT_OBJC_ISA_USAGE = YES_ERROR;
				CLANG_WARN_DOCUMENTATION_COMMENTS = YES;
				CLANG_WARN_EMPTY_BODY = YES;
				CLANG_WARN_ENUM_CONVERSION = YES;
				CLANG_WARN_INFINITE_RECURSION = YES;
				CLANG_WARN_INT_CONVERSION = YES;
				CLANG_WARN_NON_LITERAL_NULL_CONVERSION = YES;
				CLANG_WARN_OBJC_IMPLICIT_RETAIN_SELF = YES;
				CLANG_WARN_OBJC_LITERAL_CONVERSION = YES;
				CLANG_WARN_OBJC_ROOT_CLASS = YES_ERROR;
				CLANG_WARN_RANGE_LOOP_ANALYSIS = YES;
				CLANG_WARN_STRICT_PROTOTYPES = YES;
				CLANG_WARN_SUSPICIOUS_MOVE = YES;
				CLANG_WARN_UNGUARDED_AVAILABILITY = YES_AGGRESSIVE;
				CLANG_WARN_UNREACHABLE_CODE = YES;
				CLANG_WARN__DUPLICATE_METHOD_MATCH = YES;
				CODE_SIGN_IDENTITY = "iPhone Developer";
				COPY_PHASE_STRIP = NO;
				DEBUG_INFORMATION_FORMAT = dwarf;
				ENABLE_STRICT_OBJC_MSGSEND = YES;
				ENABLE_TESTABILITY = YES;
				GCC_C_LANGUAGE_STANDARD = gnu11;
				GCC_DYNAMIC_NO_PIC = NO;
				GCC_NO_COMMON_BLOCKS = YES;
				GCC_OPTIMIZATION_LEVEL = 0;
				GCC_PREPROCESSOR_DEFINITIONS = (
					"DEBUG=1",
					"$(inherited)",
				);
				GCC_WARN_64_TO_32_BIT_CONVERSION = YES;
				GCC_WARN_ABOUT_RETURN_TYPE = YES_ERROR;
				GCC_WARN_UNDECLARED_SELECTOR = YES;
				GCC_WARN_UNINITIALIZED_AUTOS = YES_AGGRESSIVE;
				GCC_WARN_UNUSED_FUNCTION = YES;
				GCC_WARN_UNUSED_VARIABLE = YES;
				IPHONEOS_DEPLOYMENT_TARGET = 10.0;
				MTL_ENABLE_DEBUG_INFO = INCLUDE_SOURCE;
				MTL_FAST_MATH = YES;
				ONLY_ACTIVE_ARCH = YES;
				SDKROOT = iphoneos;
				SWIFT_ACTIVE_COMPILATION_CONDITIONS = DEBUG;
				SWIFT_OPTIMIZATION_LEVEL = "-Onone";
			};
			name = Debug;
		};
		AF4F4F16219F24840051DBC9 /* Release */ = {
			isa = XCBuildConfiguration;
			buildSettings = {
				ALWAYS_SEARCH_USER_PATHS = NO;
				CLANG_ANALYZER_NONNULL = YES;
				CLANG_ANALYZER_NUMBER_OBJECT_CONVERSION = YES_AGGRESSIVE;
				CLANG_CXX_LANGUAGE_STANDARD = "gnu++14";
				CLANG_CXX_LIBRARY = "libc++";
				CLANG_ENABLE_MODULES = YES;
				CLANG_ENABLE_OBJC_ARC = YES;
				CLANG_ENABLE_OBJC_WEAK = YES;
				CLANG_WARN_BLOCK_CAPTURE_AUTORELEASING = YES;
				CLANG_WARN_BOOL_CONVERSION = YES;
				CLANG_WARN_COMMA = YES;
				CLANG_WARN_CONSTANT_CONVERSION = YES;
				CLANG_WARN_DEPRECATED_OBJC_IMPLEMENTATIONS = YES;
				CLANG_WARN_DIRECT_OBJC_ISA_USAGE = YES_ERROR;
				CLANG_WARN_DOCUMENTATION_COMMENTS = YES;
				CLANG_WARN_EMPTY_BODY = YES;
				CLANG_WARN_ENUM_CONVERSION = YES;
				CLANG_WARN_INFINITE_RECURSION = YES;
				CLANG_WARN_INT_CONVERSION = YES;
				CLANG_WARN_NON_LITERAL_NULL_CONVERSION = YES;
				CLANG_WARN_OBJC_IMPLICIT_RETAIN_SELF = YES;
				CLANG_WARN_OBJC_LITERAL_CONVERSION = YES;
				CLANG_WARN_OBJC_ROOT_CLASS = YES_ERROR;
				CLANG_WARN_RANGE_LOOP_ANALYSIS = YES;
				CLANG_WARN_STRICT_PROTOTYPES = YES;
				CLANG_WARN_SUSPICIOUS_MOVE = YES;
				CLANG_WARN_UNGUARDED_AVAILABILITY = YES_AGGRESSIVE;
				CLANG_WARN_UNREACHABLE_CODE = YES;
				CLANG_WARN__DUPLICATE_METHOD_MATCH = YES;
				CODE_SIGN_IDENTITY = "iPhone Developer";
				COPY_PHASE_STRIP = NO;
				DEBUG_INFORMATION_FORMAT = "dwarf-with-dsym";
				ENABLE_NS_ASSERTIONS = NO;
				ENABLE_STRICT_OBJC_MSGSEND = YES;
				GCC_C_LANGUAGE_STANDARD = gnu11;
				GCC_NO_COMMON_BLOCKS = YES;
				GCC_WARN_64_TO_32_BIT_CONVERSION = YES;
				GCC_WARN_ABOUT_RETURN_TYPE = YES_ERROR;
				GCC_WARN_UNDECLARED_SELECTOR = YES;
				GCC_WARN_UNINITIALIZED_AUTOS = YES_AGGRESSIVE;
				GCC_WARN_UNUSED_FUNCTION = YES;
				GCC_WARN_UNUSED_VARIABLE = YES;
				IPHONEOS_DEPLOYMENT_TARGET = 10.0;
				MTL_ENABLE_DEBUG_INFO = NO;
				MTL_FAST_MATH = YES;
				SDKROOT = iphoneos;
				SWIFT_COMPILATION_MODE = wholemodule;
				SWIFT_OPTIMIZATION_LEVEL = "-O";
				VALIDATE_PRODUCT = YES;
			};
			name = Release;
		};
		AF4F4F18219F24840051DBC9 /* Debug */ = {
			isa = XCBuildConfiguration;
			baseConfigurationReference = 6BE6D2DA93B941EE06E7B645 /* Pods-RepoSearcher.debug.xcconfig */;
			buildSettings = {
				ASSETCATALOG_COMPILER_APPICON_NAME = AppIcon;
				CODE_SIGN_STYLE = Automatic;
				DEVELOPMENT_TEAM = EJHMZ3UG6B;
				INFOPLIST_FILE = "$(SRCROOT)/RepoSearcher/Resources/Info.plist";
				LD_RUNPATH_SEARCH_PATHS = (
					"$(inherited)",
					"@executable_path/Frameworks",
				);
				PRODUCT_BUNDLE_IDENTIFIER = com.nayem.RepoSearcher;
				PRODUCT_NAME = "$(TARGET_NAME)";
				SWIFT_VERSION = 4.2;
				TARGETED_DEVICE_FAMILY = "1,2";
			};
			name = Debug;
		};
		AF4F4F19219F24840051DBC9 /* Release */ = {
			isa = XCBuildConfiguration;
			baseConfigurationReference = A31F0AF46D9BFB7F2B445A74 /* Pods-RepoSearcher.release.xcconfig */;
			buildSettings = {
				ASSETCATALOG_COMPILER_APPICON_NAME = AppIcon;
				CODE_SIGN_STYLE = Automatic;
				DEVELOPMENT_TEAM = EJHMZ3UG6B;
				INFOPLIST_FILE = "$(SRCROOT)/RepoSearcher/Resources/Info.plist";
				LD_RUNPATH_SEARCH_PATHS = (
					"$(inherited)",
					"@executable_path/Frameworks",
				);
				PRODUCT_BUNDLE_IDENTIFIER = com.nayem.RepoSearcher;
				PRODUCT_NAME = "$(TARGET_NAME)";
				SWIFT_VERSION = 4.2;
				TARGETED_DEVICE_FAMILY = "1,2";
			};
			name = Release;
		};
/* End XCBuildConfiguration section */

/* Begin XCConfigurationList section */
		AF4F4F00219F24830051DBC9 /* Build configuration list for PBXProject "RepoSearcher" */ = {
			isa = XCConfigurationList;
			buildConfigurations = (
				AF4F4F15219F24840051DBC9 /* Debug */,
				AF4F4F16219F24840051DBC9 /* Release */,
			);
			defaultConfigurationIsVisible = 0;
			defaultConfigurationName = Release;
		};
		AF4F4F17219F24840051DBC9 /* Build configuration list for PBXNativeTarget "RepoSearcher" */ = {
			isa = XCConfigurationList;
			buildConfigurations = (
				AF4F4F18219F24840051DBC9 /* Debug */,
				AF4F4F19219F24840051DBC9 /* Release */,
			);
			defaultConfigurationIsVisible = 0;
			defaultConfigurationName = Release;
		};
/* End XCConfigurationList section */
	};
	rootObject = AF4F4EFD219F24830051DBC9 /* Project object */;
}
